
Microsoft Visual Studio Solution File, Format Version 12.00
# Visual Studio Version 16
VisualStudioVersion = 25.0.1703.8
MinimumVisualStudioVersion = 10.0.40219.1
Project("{FAE04EC0-301F-11D3-BF4B-00C04F79EFBC}") = "AspNetMvcCoreEmpty.Intro", "AspNetMvcCoreEmpty.Intro\AspNetMvcCoreEmpty.Intro.csproj", "{45D211CE-B275-4DE7-B37B-B5AA3C1FD7D8}"
EndProject
Project("{FAE04EC0-301F-11D3-BF4B-00C04F79EFBC}") = "HomeId.WebUI", "HomeId.WebUI\HomeId.WebUI.csproj", "{B8F51FBE-4657-4EC6-807E-9C4B23470F55}"
EndProject
Project("{FAE04EC0-301F-11D3-BF4B-00C04F79EFBC}") = "DemoMvc", "DemoMvc\DemoMvc.csproj", "{0054CEE0-2072-402D-9FC7-155ECE674D2B}"
EndProject
Global
	GlobalSection(SolutionConfigurationPlatforms) = preSolution
		Debug|Any CPU = Debug|Any CPU
		Release|Any CPU = Release|Any CPU
	EndGlobalSection
	GlobalSection(ProjectConfigurationPlatforms) = postSolution
		{45D211CE-B275-4DE7-B37B-B5AA3C1FD7D8}.Debug|Any CPU.ActiveCfg = Debug|Any CPU
		{45D211CE-B275-4DE7-B37B-B5AA3C1FD7D8}.Debug|Any CPU.Build.0 = Debug|Any CPU
		{45D211CE-B275-4DE7-B37B-B5AA3C1FD7D8}.Release|Any CPU.ActiveCfg = Release|Any CPU
		{45D211CE-B275-4DE7-B37B-B5AA3C1FD7D8}.Release|Any CPU.Build.0 = Release|Any CPU
		{B8F51FBE-4657-4EC6-807E-9C4B23470F55}.Debug|Any CPU.ActiveCfg = Debug|Any CPU
		{B8F51FBE-4657-4EC6-807E-9C4B23470F55}.Debug|Any CPU.Build.0 = Debug|Any CPU
		{B8F51FBE-4657-4EC6-807E-9C4B23470F55}.Release|Any CPU.ActiveCfg = Release|Any CPU
		{B8F51FBE-4657-4EC6-807E-9C4B23470F55}.Release|Any CPU.Build.0 = Release|Any CPU
		{0054CEE0-2072-402D-9FC7-155ECE674D2B}.Debug|Any CPU.ActiveCfg = Debug|Any CPU
		{0054CEE0-2072-402D-9FC7-155ECE674D2B}.Debug|Any CPU.Build.0 = Debug|Any CPU
		{0054CEE0-2072-402D-9FC7-155ECE674D2B}.Release|Any CPU.ActiveCfg = Release|Any CPU
		{0054CEE0-2072-402D-9FC7-155ECE674D2B}.Release|Any CPU.Build.0 = Release|Any CPU
	EndGlobalSection
	GlobalSection(SolutionProperties) = preSolution
		HideSolutionNode = FALSE
	EndGlobalSection
	GlobalSection(ExtensibilityGlobals) = postSolution
		SolutionGuid = {B16C3559-F235-4F04-9082-0A9D3CCAD4F8}
	EndGlobalSection
EndGlobal
